// !$*UTF8*$!
{
	archiveVersion = 1;
	classes = {
	};
	objectVersion = 50;
	objects = {

/* Begin PBXBuildFile section */
		9365B1502392E8BE00C11A92 /* AppDelegate.swift in Sources */ = {isa = PBXBuildFile; fileRef = 9365B14F2392E8BE00C11A92 /* AppDelegate.swift */; };
		9365B1522392E8BE00C11A92 /* SceneDelegate.swift in Sources */ = {isa = PBXBuildFile; fileRef = 9365B1512392E8BE00C11A92 /* SceneDelegate.swift */; };
		9365B1542392E8BE00C11A92 /* ViewController.swift in Sources */ = {isa = PBXBuildFile; fileRef = 9365B1532392E8BE00C11A92 /* ViewController.swift */; };
		9365B1572392E8BE00C11A92 /* Main.storyboard in Resources */ = {isa = PBXBuildFile; fileRef = 9365B1552392E8BE00C11A92 /* Main.storyboard */; };
		9365B1592392E8BF00C11A92 /* Assets.xcassets in Resources */ = {isa = PBXBuildFile; fileRef = 9365B1582392E8BF00C11A92 /* Assets.xcassets */; };
		9365B15C2392E8BF00C11A92 /* LaunchScreen.storyboard in Resources */ = {isa = PBXBuildFile; fileRef = 9365B15A2392E8BF00C11A92 /* LaunchScreen.storyboard */; };
		9365B1672392E8C000C11A92 /* PokerHomeGameTrackerTests.swift in Sources */ = {isa = PBXBuildFile; fileRef = 9365B1662392E8C000C11A92 /* PokerHomeGameTrackerTests.swift */; };
/* End PBXBuildFile section */

/* Begin PBXContainerItemProxy section */
		9365B1632392E8C000C11A92 /* PBXContainerItemProxy */ = {
			isa = PBXContainerItemProxy;
			containerPortal = 9365B1442392E8BE00C11A92 /* Project object */;
			proxyType = 1;
			remoteGlobalIDString = 9365B14B2392E8BE00C11A92;
			remoteInfo = PokerHomeGameTracker;
		};
/* End PBXContainerItemProxy section */

/* Begin PBXFileReference section */
		9365B14C2392E8BE00C11A92 /* PokerHomeGameTracker.app */ = {isa = PBXFileReference; explicitFileType = wrapper.application; includeInIndex = 0; path = PokerHomeGameTracker.app; sourceTree = BUILT_PRODUCTS_DIR; };
		9365B14F2392E8BE00C11A92 /* AppDelegate.swift */ = {isa = PBXFileReference; lastKnownFileType = sourcecode.swift; path = AppDelegate.swift; sourceTree = "<group>"; };
		9365B1512392E8BE00C11A92 /* SceneDelegate.swift */ = {isa = PBXFileReference; lastKnownFileType = sourcecode.swift; path = SceneDelegate.swift; sourceTree = "<group>"; };
		9365B1532392E8BE00C11A92 /* ViewController.swift */ = {isa = PBXFileReference; lastKnownFileType = sourcecode.swift; path = ViewController.swift; sourceTree = "<group>"; };
		9365B1562392E8BE00C11A92 /* Base */ = {isa = PBXFileReference; lastKnownFileType = file.storyboard; name = Base; path = Base.lproj/Main.storyboard; sourceTree = "<group>"; };
		9365B1582392E8BF00C11A92 /* Assets.xcassets */ = {isa = PBXFileReference; lastKnownFileType = folder.assetcatalog; path = Assets.xcassets; sourceTree = "<group>"; };
		9365B15B2392E8BF00C11A92 /* Base */ = {isa = PBXFileReference; lastKnownFileType = file.storyboard; name = Base; path = Base.lproj/LaunchScreen.storyboard; sourceTree = "<group>"; };
		9365B15D2392E8BF00C11A92 /* Info.plist */ = {isa = PBXFileReference; lastKnownFileType = text.plist.xml; path = Info.plist; sourceTree = "<group>"; };
		9365B1622392E8C000C11A92 /* PokerHomeGameTrackerTests.xctest */ = {isa = PBXFileReference; explicitFileType = wrapper.cfbundle; includeInIndex = 0; path = PokerHomeGameTrackerTests.xctest; sourceTree = BUILT_PRODUCTS_DIR; };
		9365B1662392E8C000C11A92 /* PokerHomeGameTrackerTests.swift */ = {isa = PBXFileReference; lastKnownFileType = sourcecode.swift; path = PokerHomeGameTrackerTests.swift; sourceTree = "<group>"; };
		9365B1682392E8C000C11A92 /* Info.plist */ = {isa = PBXFileReference; lastKnownFileType = text.plist.xml; path = Info.plist; sourceTree = "<group>"; };
/* End PBXFileReference section */

/* Begin PBXFrameworksBuildPhase section */
		9365B1492392E8BE00C11A92 /* Frameworks */ = {
			isa = PBXFrameworksBuildPhase;
			buildActionMask = 2147483647;
			files = (
			);
			runOnlyForDeploymentPostprocessing = 0;
		};
		9365B15F2392E8C000C11A92 /* Frameworks */ = {
			isa = PBXFrameworksBuildPhase;
			buildActionMask = 2147483647;
			files = (
			);
			runOnlyForDeploymentPostprocessing = 0;
		};
/* End PBXFrameworksBuildPhase section */

/* Begin PBXGroup section */
		9365B1432392E8BE00C11A92 = {
			isa = PBXGroup;
			children = (
				9365B14E2392E8BE00C11A92 /* PokerHomeGameTracker */,
				9365B1652392E8C000C11A92 /* PokerHomeGameTrackerTests */,
				9365B14D2392E8BE00C11A92 /* Products */,
			);
			sourceTree = "<group>";
		};
		9365B14D2392E8BE00C11A92 /* Products */ = {
			isa = PBXGroup;
			children = (
				9365B14C2392E8BE00C11A92 /* PokerHomeGameTracker.app */,
				9365B1622392E8C000C11A92 /* PokerHomeGameTrackerTests.xctest */,
			);
			name = Products;
			sourceTree = "<group>";
		};
		9365B14E2392E8BE00C11A92 /* PokerHomeGameTracker */ = {
			isa = PBXGroup;
			children = (
				9365B14F2392E8BE00C11A92 /* AppDelegate.swift */,
				9365B1512392E8BE00C11A92 /* SceneDelegate.swift */,
				9365B1532392E8BE00C11A92 /* ViewController.swift */,
				9365B1552392E8BE00C11A92 /* Main.storyboard */,
				9365B1582392E8BF00C11A92 /* Assets.xcassets */,
				9365B15A2392E8BF00C11A92 /* LaunchScreen.storyboard */,
				9365B15D2392E8BF00C11A92 /* Info.plist */,
			);
			path = PokerHomeGameTracker;
			sourceTree = "<group>";
		};
		9365B1652392E8C000C11A92 /* PokerHomeGameTrackerTests */ = {
			isa = PBXGroup;
			children = (
				9365B1662392E8C000C11A92 /* PokerHomeGameTrackerTests.swift */,
				9365B1682392E8C000C11A92 /* Info.plist */,
			);
			path = PokerHomeGameTrackerTests;
			sourceTree = "<group>";
		};
/* End PBXGroup section */

/* Begin PBXNativeTarget section */
		9365B14B2392E8BE00C11A92 /* PokerHomeGameTracker */ = {
			isa = PBXNativeTarget;
			buildConfigurationList = 9365B16B2392E8C000C11A92 /* Build configuration list for PBXNativeTarget "PokerHomeGameTracker" */;
			buildPhases = (
				9365B1482392E8BE00C11A92 /* Sources */,
				9365B1492392E8BE00C11A92 /* Frameworks */,
				9365B14A2392E8BE00C11A92 /* Resources */,
			);
			buildRules = (
			);
			dependencies = (
			);
			name = PokerHomeGameTracker;
			productName = PokerHomeGameTracker;
			productReference = 9365B14C2392E8BE00C11A92 /* PokerHomeGameTracker.app */;
			productType = "com.apple.product-type.application";
		};
		9365B1612392E8C000C11A92 /* PokerHomeGameTrackerTests */ = {
			isa = PBXNativeTarget;
			buildConfigurationList = 9365B16E2392E8C000C11A92 /* Build configuration list for PBXNativeTarget "PokerHomeGameTrackerTests" */;
			buildPhases = (
				9365B15E2392E8C000C11A92 /* Sources */,
				9365B15F2392E8C000C11A92 /* Frameworks */,
				9365B1602392E8C000C11A92 /* Resources */,
			);
			buildRules = (
			);
			dependencies = (
				9365B1642392E8C000C11A92 /* PBXTargetDependency */,
			);
			name = PokerHomeGameTrackerTests;
			productName = PokerHomeGameTrackerTests;
			productReference = 9365B1622392E8C000C11A92 /* PokerHomeGameTrackerTests.xctest */;
			productType = "com.apple.product-type.bundle.unit-test";
		};
/* End PBXNativeTarget section */

/* Begin PBXProject section */
		9365B1442392E8BE00C11A92 /* Project object */ = {
			isa = PBXProject;
			attributes = {
				LastSwiftUpdateCheck = 1120;
				LastUpgradeCheck = 1120;
				ORGANIZATIONNAME = "Aaron Wojnowski";
				TargetAttributes = {
					9365B14B2392E8BE00C11A92 = {
						CreatedOnToolsVersion = 11.2.1;
					};
					9365B1612392E8C000C11A92 = {
						CreatedOnToolsVersion = 11.2.1;
						TestTargetID = 9365B14B2392E8BE00C11A92;
					};
				};
			};
			buildConfigurationList = 9365B1472392E8BE00C11A92 /* Build configuration list for PBXProject "PokerHomeGameTracker" */;
			compatibilityVersion = "Xcode 9.3";
			developmentRegion = en;
			hasScannedForEncodings = 0;
			knownRegions = (
				en,
				Base,
			);
			mainGroup = 9365B1432392E8BE00C11A92;
			productRefGroup = 9365B14D2392E8BE00C11A92 /* Products */;
			projectDirPath = "";
			projectRoot = "";
			targets = (
				9365B14B2392E8BE00C11A92 /* PokerHomeGameTracker */,
				9365B1612392E8C000C11A92 /* PokerHomeGameTrackerTests */,
			);
		};
/* End PBXProject section */

/* Begin PBXResourcesBuildPhase section */
		9365B14A2392E8BE00C11A92 /* Resources */ = {
			isa = PBXResourcesBuildPhase;
			buildActionMask = 2147483647;
			files = (
				9365B15C2392E8BF00C11A92 /* LaunchScreen.storyboard in Resources */,
				9365B1592392E8BF00C11A92 /* Assets.xcassets in Resources */,
				9365B1572392E8BE00C11A92 /* Main.storyboard in Resources */,
			);
			runOnlyForDeploymentPostprocessing = 0;
		};
		9365B1602392E8C000C11A92 /* Resources */ = {
			isa = PBXResourcesBuildPhase;
			buildActionMask = 2147483647;
			files = (
			);
			runOnlyForDeploymentPostprocessing = 0;
		};
/* End PBXResourcesBuildPhase section */

/* Begin PBXSourcesBuildPhase section */
		9365B1482392E8BE00C11A92 /* Sources */ = {
			isa = PBXSourcesBuildPhase;
			buildActionMask = 2147483647;
			files = (
				9365B1542392E8BE00C11A92 /* ViewController.swift in Sources */,
				9365B1502392E8BE00C11A92 /* AppDelegate.swift in Sources */,
				9365B1522392E8BE00C11A92 /* SceneDelegate.swift in Sources */,
			);
			runOnlyForDeploymentPostprocessing = 0;
		};
		9365B15E2392E8C000C11A92 /* Sources */ = {
			isa = PBXSourcesBuildPhase;
			buildActionMask = 2147483647;
			files = (
				9365B1672392E8C000C11A92 /* PokerHomeGameTrackerTests.swift in Sources */,
			);
			runOnlyForDeploymentPostprocessing = 0;
		};
/* End PBXSourcesBuildPhase section */

/* Begin PBXTargetDependency section */
		9365B1642392E8C000C11A92 /* PBXTargetDependency */ = {
			isa = PBXTargetDependency;
			target = 9365B14B2392E8BE00C11A92 /* PokerHomeGameTracker */;
			targetProxy = 9365B1632392E8C000C11A92 /* PBXContainerItemProxy */;
		};
/* End PBXTargetDependency section */

/* Begin PBXVariantGroup section */
		9365B1552392E8BE00C11A92 /* Main.storyboard */ = {
			isa = PBXVariantGroup;
			children = (
				9365B1562392E8BE00C11A92 /* Base */,
			);
			name = Main.storyboard;
			sourceTree = "<group>";
		};
		9365B15A2392E8BF00C11A92 /* LaunchScreen.storyboard */ = {
			isa = PBXVariantGroup;
			children = (
				9365B15B2392E8BF00C11A92 /* Base */,
			);
			name = LaunchScreen.storyboard;
			sourceTree = "<group>";
		};
/* End PBXVariantGroup section */

/* Begin XCBuildConfiguration section */
		9365B1692392E8C000C11A92 /* Debug */ = {
			isa = XCBuildConfiguration;
			buildSettings = {
				ALWAYS_SEARCH_USER_PATHS = NO;
				CLANG_ANALYZER_NONNULL = YES;
				CLANG_ANALYZER_NUMBER_OBJECT_CONVERSION = YES_AGGRESSIVE;
				CLANG_CXX_LANGUAGE_STANDARD = "gnu++14";
				CLANG_CXX_LIBRARY = "libc++";
				CLANG_ENABLE_MODULES = YES;
				CLANG_ENABLE_OBJC_ARC = YES;
				CLANG_ENABLE_OBJC_WEAK = YES;
				CLANG_WARN_BLOCK_CAPTURE_AUTORELEASING = YES;
				CLANG_WARN_BOOL_CONVERSION = YES;
				CLANG_WARN_COMMA = YES;
				CLANG_WARN_CONSTANT_CONVERSION = YES;
				CLANG_WARN_DEPRECATED_OBJC_IMPLEMENTATIONS = YES;
				CLANG_WARN_DIRECT_OBJC_ISA_USAGE = YES_ERROR;
				CLANG_WARN_DOCUMENTATION_COMMENTS = YES;
				CLANG_WARN_EMPTY_BODY = YES;
				CLANG_WARN_ENUM_CONVERSION = YES;
				CLANG_WARN_INFINITE_RECURSION = YES;
				CLANG_WARN_INT_CONVERSION = YES;
				CLANG_WARN_NON_LITERAL_NULL_CONVERSION = YES;
				CLANG_WARN_OBJC_IMPLICIT_RETAIN_SELF = YES;
				CLANG_WARN_OBJC_LITERAL_CONVERSION = YES;
				CLANG_WARN_OBJC_ROOT_CLASS = YES_ERROR;
				CLANG_WARN_RANGE_LOOP_ANALYSIS = YES;
				CLANG_WARN_STRICT_PROTOTYPES = YES;
				CLANG_WARN_SUSPICIOUS_MOVE = YES;
				CLANG_WARN_UNGUARDED_AVAILABILITY = YES_AGGRESSIVE;
				CLANG_WARN_UNREACHABLE_CODE = YES;
				CLANG_WARN__DUPLICATE_METHOD_MATCH = YES;
				COPY_PHASE_STRIP = NO;
				DEBUG_INFORMATION_FORMAT = dwarf;
				ENABLE_STRICT_OBJC_MSGSEND = YES;
				ENABLE_TESTABILITY = YES;
				GCC_C_LANGUAGE_STANDARD = gnu11;
				GCC_DYNAMIC_NO_PIC = NO;
				GCC_NO_COMMON_BLOCKS = YES;
				GCC_OPTIMIZATION_LEVEL = 0;
				GCC_PREPROCESSOR_DEFINITIONS = (
					"DEBUG=1",
					"$(inherited)",
				);
				GCC_WARN_64_TO_32_BIT_CONVERSION = YES;
				GCC_WARN_ABOUT_RETURN_TYPE = YES_ERROR;
				GCC_WARN_UNDECLARED_SELECTOR = YES;
				GCC_WARN_UNINITIALIZED_AUTOS = YES_AGGRESSIVE;
				GCC_WARN_UNUSED_FUNCTION = YES;
				GCC_WARN_UNUSED_VARIABLE = YES;
				IPHONEOS_DEPLOYMENT_TARGET = 13.2;
				MTL_ENABLE_DEBUG_INFO = INCLUDE_SOURCE;
				MTL_FAST_MATH = YES;
				ONLY_ACTIVE_ARCH = YES;
				SDKROOT = iphoneos;
				SWIFT_ACTIVE_COMPILATION_CONDITIONS = DEBUG;
				SWIFT_OPTIMIZATION_LEVEL = "-Onone";
			};
			name = Debug;
		};
		9365B16A2392E8C000C11A92 /* Release */ = {
			isa = XCBuildConfiguration;
			buildSettings = {
				ALWAYS_SEARCH_USER_PATHS = NO;
				CLANG_ANALYZER_NONNULL = YES;
				CLANG_ANALYZER_NUMBER_OBJECT_CONVERSION = YES_AGGRESSIVE;
				CLANG_CXX_LANGUAGE_STANDARD = "gnu++14";
				CLANG_CXX_LIBRARY = "libc++";
				CLANG_ENABLE_MODULES = YES;
				CLANG_ENABLE_OBJC_ARC = YES;
				CLANG_ENABLE_OBJC_WEAK = YES;
				CLANG_WARN_BLOCK_CAPTURE_AUTORELEASING = YES;
				CLANG_WARN_BOOL_CONVERSION = YES;
				CLANG_WARN_COMMA = YES;
				CLANG_WARN_CONSTANT_CONVERSION = YES;
				CLANG_WARN_DEPRECATED_OBJC_IMPLEMENTATIONS = YES;
				CLANG_WARN_DIRECT_OBJC_ISA_USAGE = YES_ERROR;
				CLANG_WARN_DOCUMENTATION_COMMENTS = YES;
				CLANG_WARN_EMPTY_BODY = YES;
				CLANG_WARN_ENUM_CONVERSION = YES;
				CLANG_WARN_INFINITE_RECURSION = YES;
				CLANG_WARN_INT_CONVERSION = YES;
				CLANG_WARN_NON_LITERAL_NULL_CONVERSION = YES;
				CLANG_WARN_OBJC_IMPLICIT_RETAIN_SELF = YES;
				CLANG_WARN_OBJC_LITERAL_CONVERSION = YES;
				CLANG_WARN_OBJC_ROOT_CLASS = YES_ERROR;
				CLANG_WARN_RANGE_LOOP_ANALYSIS = YES;
				CLANG_WARN_STRICT_PROTOTYPES = YES;
				CLANG_WARN_SUSPICIOUS_MOVE = YES;
				CLANG_WARN_UNGUARDED_AVAILABILITY = YES_AGGRESSIVE;
				CLANG_WARN_UNREACHABLE_CODE = YES;
				CLANG_WARN__DUPLICATE_METHOD_MATCH = YES;
				COPY_PHASE_STRIP = NO;
				DEBUG_INFORMATION_FORMAT = "dwarf-with-dsym";
				ENABLE_NS_ASSERTIONS = NO;
				ENABLE_STRICT_OBJC_MSGSEND = YES;
				GCC_C_LANGUAGE_STANDARD = gnu11;
				GCC_NO_COMMON_BLOCKS = YES;
				GCC_WARN_64_TO_32_BIT_CONVERSION = YES;
				GCC_WARN_ABOUT_RETURN_TYPE = YES_ERROR;
				GCC_WARN_UNDECLARED_SELECTOR = YES;
				GCC_WARN_UNINITIALIZED_AUTOS = YES_AGGRESSIVE;
				GCC_WARN_UNUSED_FUNCTION = YES;
				GCC_WARN_UNUSED_VARIABLE = YES;
				IPHONEOS_DEPLOYMENT_TARGET = 13.2;
				MTL_ENABLE_DEBUG_INFO = NO;
				MTL_FAST_MATH = YES;
				SDKROOT = iphoneos;
				SWIFT_COMPILATION_MODE = wholemodule;
				SWIFT_OPTIMIZATION_LEVEL = "-O";
				VALIDATE_PRODUCT = YES;
			};
			name = Release;
		};
		9365B16C2392E8C000C11A92 /* Debug */ = {
			isa = XCBuildConfiguration;
			buildSettings = {
				ASSETCATALOG_COMPILER_APPICON_NAME = AppIcon;
				CODE_SIGN_STYLE = Automatic;
				DEVELOPMENT_TEAM = 8CDZYS766G;
				INFOPLIST_FILE = PokerHomeGameTracker/Info.plist;
				LD_RUNPATH_SEARCH_PATHS = (
					"$(inherited)",
					"@executable_path/Frameworks",
				);
				PRODUCT_BUNDLE_IDENTIFIER = com.aaronwojnowski.PokerHomeGameTracker;
				PRODUCT_NAME = "$(TARGET_NAME)";
				SWIFT_VERSION = 5.0;
				TARGETED_DEVICE_FAMILY = "1,2";
			};
			name = Debug;
		};
		9365B16D2392E8C000C11A92 /* Release */ = {
			isa = XCBuildConfiguration;
			buildSettings = {
				ASSETCATALOG_COMPILER_APPICON_NAME = AppIcon;
				CODE_SIGN_STYLE = Automatic;
				DEVELOPMENT_TEAM = 8CDZYS766G;
				INFOPLIST_FILE = PokerHomeGameTracker/Info.plist;
				LD_RUNPATH_SEARCH_PATHS = (
					"$(inherited)",
					"@executable_path/Frameworks",
				);
				PRODUCT_BUNDLE_IDENTIFIER = com.aaronwojnowski.PokerHomeGameTracker;
				PRODUCT_NAME = "$(TARGET_NAME)";
				SWIFT_VERSION = 5.0;
				TARGETED_DEVICE_FAMILY = "1,2";
			};
			name = Release;
		};
		9365B16F2392E8C000C11A92 /* Debug */ = {
			isa = XCBuildConfiguration;
			buildSettings = {
				ALWAYS_EMBED_SWIFT_STANDARD_LIBRARIES = YES;
				BUNDLE_LOADER = "$(TEST_HOST)";
				CODE_SIGN_STYLE = Automatic;
				DEVELOPMENT_TEAM = 8CDZYS766G;
				INFOPLIST_FILE = PokerHomeGameTrackerTests/Info.plist;
				IPHONEOS_DEPLOYMENT_TARGET = 13.2;
				LD_RUNPATH_SEARCH_PATHS = (
					"$(inherited)",
					"@executable_path/Frameworks",
					"@loader_path/Frameworks",
				);
				PRODUCT_BUNDLE_IDENTIFIER = com.aaronwojnowski.PokerHomeGameTrackerTests;
				PRODUCT_NAME = "$(TARGET_NAME)";
				SWIFT_VERSION = 5.0;
				TARGETED_DEVICE_FAMILY = "1,2";
				TEST_HOST = "$(BUILT_PRODUCTS_DIR)/PokerHomeGameTracker.app/PokerHomeGameTracker";
			};
			name = Debug;
		};
		9365B1702392E8C000C11A92 /* Release */ = {
			isa = XCBuildConfiguration;
			buildSettings = {
				ALWAYS_EMBED_SWIFT_STANDARD_LIBRARIES = YES;
				BUNDLE_LOADER = "$(TEST_HOST)";
				CODE_SIGN_STYLE = Automatic;
				DEVELOPMENT_TEAM = 8CDZYS766G;
				INFOPLIST_FILE = PokerHomeGameTrackerTests/Info.plist;
				IPHONEOS_DEPLOYMENT_TARGET = 13.2;
				LD_RUNPATH_SEARCH_PATHS = (
					"$(inherited)",
					"@executable_path/Frameworks",
					"@loader_path/Frameworks",
				);
				PRODUCT_BUNDLE_IDENTIFIER = com.aaronwojnowski.PokerHomeGameTrackerTests;
				PRODUCT_NAME = "$(TARGET_NAME)";
				SWIFT_VERSION = 5.0;
				TARGETED_DEVICE_FAMILY = "1,2";
				TEST_HOST = "$(BUILT_PRODUCTS_DIR)/PokerHomeGameTracker.app/PokerHomeGameTracker";
			};
			name = Release;
		};
/* End XCBuildConfiguration section */

/* Begin XCConfigurationList section */
		9365B1472392E8BE00C11A92 /* Build configuration list for PBXProject "PokerHomeGameTracker" */ = {
			isa = XCConfigurationList;
			buildConfigurations = (
				9365B1692392E8C000C11A92 /* Debug */,
				9365B16A2392E8C000C11A92 /* Release */,
			);
			defaultConfigurationIsVisible = 0;
			defaultConfigurationName = Release;
		};
		9365B16B2392E8C000C11A92 /* Build configuration list for PBXNativeTarget "PokerHomeGameTracker" */ = {
			isa = XCConfigurationList;
			buildConfigurations = (
				9365B16C2392E8C000C11A92 /* Debug */,
				9365B16D2392E8C000C11A92 /* Release */,
			);
			defaultConfigurationIsVisible = 0;
			defaultConfigurationName = Release;
		};
		9365B16E2392E8C000C11A92 /* Build configuration list for PBXNativeTarget "PokerHomeGameTrackerTests" */ = {
			isa = XCConfigurationList;
			buildConfigurations = (
				9365B16F2392E8C000C11A92 /* Debug */,
				9365B1702392E8C000C11A92 /* Release */,
			);
			defaultConfigurationIsVisible = 0;
			defaultConfigurationName = Release;
		};
/* End XCConfigurationList section */
	};
	rootObject = 9365B1442392E8BE00C11A92 /* Project object */;
}
